<Solution>
  <Folder Name="/src/">
    <Project Path="src/CanDoItAll.FileTools.Abstractions/CanDoItAll.FileTools.Abstractions.csproj" />
    <Project Path="src/CanDoItAll.FileTools.Desktop/CanDoItAll.FileTools.Desktop.csproj" />
    <Project Path="src/CanDoItAll.FileTools.FileBrowser.Core/CanDoItAll.FileTools.FileBrowser.Core.csproj" />
    <Project Path="src/CanDoItAll.FileTools.FileBrowser.Components/CanDoItAll.FileTools.FileBrowser.Components.csproj" />
    <Project Path="src/CanDoItAll.FileTools.Providers.FileSystem/CanDoItAll.FileTools.Providers.FileSystem.csproj" />
    <Project Path="src/CanDoItAll.FileTools.FileInteraction.Core/CanDoItAll.FileTools.FileInteraction.Core.csproj" />
    <Project Path="src/CanDoItAll.FileTools.FileInteraction.Components/CanDoItAll.FileTools.FileInteraction.Components.csproj" />
    <Project Path="src/CanDoItAll.FileTools.FileInteraction.Markdown/CanDoItAll.FileTools.FileInteraction.Markdown.csproj" />
    <Project Path="src/CanDoItAll.FileTools.FileInteraction.Spreadsheet/CanDoItAll.FileTools.FileInteraction.Spreadsheet.csproj" />
  </Folder>
  <Folder Name="/samples/">
    <Project Path="samples/CanDoItAll.FileTools.Sandbox/CanDoItAll.FileTools.Sandbox.csproj" />
  </Folder>
  <Folder Name="/tests/">
    <Project Path="tests/CanDoItAll.FileTools.Abstractions.Tests/CanDoItAll.FileTools.Abstractions.Tests.csproj" />
    <Project Path="tests/CanDoItAll.FileTools.Desktop.Tests/CanDoItAll.FileTools.Desktop.Tests.csproj" />
    <Project Path="tests/CanDoItAll.FileTools.FileBrowser.Core.Tests/CanDoItAll.FileTools.FileBrowser.Core.Tests.csproj" />
    <Project Path="tests/CanDoItAll.FileTools.FileBrowser.Components.Tests/CanDoItAll.FileTools.FileBrowser.Components.Tests.csproj" />
    <Project Path="tests/CanDoItAll.FileTools.Providers.FileSystem.Tests/CanDoItAll.FileTools.Providers.FileSystem.Tests.csproj" />
    <Project Path="tests/CanDoItAll.FileTools.FileInteraction.Core.Tests/CanDoItAll.FileTools.FileInteraction.Core.Tests.csproj" />
    <Project Path="tests/CanDoItAll.FileTools.FileInteraction.Components.Tests/CanDoItAll.FileTools.FileInteraction.Components.Tests.csproj" />
    <Project Path="tests/CanDoItAll.FileTools.FileInteraction.Markdown.Tests/CanDoItAll.FileTools.FileInteraction.Markdown.Tests.csproj" />
    <Project Path="tests/CanDoItAll.FileTools.FileInteraction.Spreadsheet.Tests/CanDoItAll.FileTools.FileInteraction.Spreadsheet.Tests.csproj" />
  </Folder>
</Solution>
